
Microsoft Visual Studio Solution File, Format Version 12.00
# Visual Studio Version 17
VisualStudioVersion = 17.4.33213.308
MinimumVisualStudioVersion = 10.0.40219.1
Project("{9A19103F-16F7-4668-BE54-9A1E7A4F7556}") = "SimplifiedSlot", "SimplifiedSlot\SimplifiedSlot.csproj", "{A5B5A8AA-7D3A-4D6C-AF20-CA93A1756BC8}"
EndProject
Project("{FAE04EC0-301F-11D3-BF4B-00C04F79EFBC}") = "SimplifiedSlot.Tests", "SimplifiedSlot.Tests\SimplifiedSlot.Tests.csproj", "{745C0018-C2B1-429B-A333-CC5CAF4B9B0A}"
EndProject
Global
	GlobalSection(SolutionConfigurationPlatforms) = preSolution
		Debug|Any CPU = Debug|Any CPU
		Release|Any CPU = Release|Any CPU
	EndGlobalSection
	GlobalSection(ProjectConfigurationPlatforms) = postSolution
		{A5B5A8AA-7D3A-4D6C-AF20-CA93A1756BC8}.Debug|Any CPU.ActiveCfg = Debug|Any CPU
		{A5B5A8AA-7D3A-4D6C-AF20-CA93A1756BC8}.Debug|Any CPU.Build.0 = Debug|Any CPU
		{A5B5A8AA-7D3A-4D6C-AF20-CA93A1756BC8}.Release|Any CPU.ActiveCfg = Release|Any CPU
		{A5B5A8AA-7D3A-4D6C-AF20-CA93A1756BC8}.Release|Any CPU.Build.0 = Release|Any CPU
		{745C0018-C2B1-429B-A333-CC5CAF4B9B0A}.Debug|Any CPU.ActiveCfg = Debug|Any CPU
		{745C0018-C2B1-429B-A333-CC5CAF4B9B0A}.Debug|Any CPU.Build.0 = Debug|Any CPU
		{745C0018-C2B1-429B-A333-CC5CAF4B9B0A}.Release|Any CPU.ActiveCfg = Release|Any CPU
		{745C0018-C2B1-429B-A333-CC5CAF4B9B0A}.Release|Any CPU.Build.0 = Release|Any CPU
	EndGlobalSection
	GlobalSection(SolutionProperties) = preSolution
		HideSolutionNode = FALSE
	EndGlobalSection
	GlobalSection(ExtensibilityGlobals) = postSolution
		SolutionGuid = {5D671E76-FD34-473A-AD17-CF0B2D470256}
	EndGlobalSection
EndGlobal
